
Microsoft Visual Studio Solution File, Format Version 12.00
# Visual Studio Version 17
VisualStudioVersion = 17.14.36202.13 d17.14
MinimumVisualStudioVersion = 10.0.40219.1
Project("{FAE04EC0-301F-11D3-BF4B-00C04F79EFBC}") = "ChatClient", "ChatClient.csproj", "{EECB482D-49EF-45E5-A742-00736E90ED4C}"
EndProject
Project("{FAE04EC0-301F-11D3-BF4B-00C04F79EFBC}") = "ChatAPI", "..\ChatAPI\ChatAPI.csproj", "{DD755C9F-95C7-475D-B00F-D6B3580FD313}"
EndProject
Global
	GlobalSection(SolutionConfigurationPlatforms) = preSolution
		Debug|Any CPU = Debug|Any CPU
		Release|Any CPU = Release|Any CPU
	EndGlobalSection
	GlobalSection(ProjectConfigurationPlatforms) = postSolution
		{EECB482D-49EF-45E5-A742-00736E90ED4C}.Debug|Any CPU.ActiveCfg = Debug|Any CPU
		{EECB482D-49EF-45E5-A742-00736E90ED4C}.Debug|Any CPU.Build.0 = Debug|Any CPU
		{EECB482D-49EF-45E5-A742-00736E90ED4C}.Release|Any CPU.ActiveCfg = Release|Any CPU
		{EECB482D-49EF-45E5-A742-00736E90ED4C}.Release|Any CPU.Build.0 = Release|Any CPU
		{DD755C9F-95C7-475D-B00F-D6B3580FD313}.Debug|Any CPU.ActiveCfg = Debug|Any CPU
		{DD755C9F-95C7-475D-B00F-D6B3580FD313}.Debug|Any CPU.Build.0 = Debug|Any CPU
		{DD755C9F-95C7-475D-B00F-D6B3580FD313}.Release|Any CPU.ActiveCfg = Release|Any CPU
		{DD755C9F-95C7-475D-B00F-D6B3580FD313}.Release|Any CPU.Build.0 = Release|Any CPU
	EndGlobalSection
	GlobalSection(SolutionProperties) = preSolution
		HideSolutionNode = FALSE
	EndGlobalSection
	GlobalSection(ExtensibilityGlobals) = postSolution
		SolutionGuid = {A3D3147E-6091-4790-9C88-6677092CE0E3}
	EndGlobalSection
EndGlobal
